
Microsoft Visual Studio Solution File, Format Version 12.00
# Visual Studio 2012
Project("{8BC9CEB8-8B4A-11D0-8D11-00A0C91BC942}") = "EXEPart", "EXEPart\EXEPart.vcxproj", "{4CE62AD1-2A00-4EEB-B69E-3B7317CEF5BE}"
EndProject
Project("{8BC9CEB8-8B4A-11D0-8D11-00A0C91BC942}") = "DLLPart", "DLLPart\DLLPart.vcxproj", "{410B43BA-0F97-4D43-A86C-8F9514116DC1}"
EndProject
Project("{8BC9CEB8-8B4A-11D0-8D11-00A0C91BC942}") = "EXEPart2", "EXEPart2\EXEPart2.vcxproj", "{42048B20-49EF-4E01-9B4E-83A2B9A55264}"
EndProject
Project("{8BC9CEB8-8B4A-11D0-8D11-00A0C91BC942}") = "LIBPart", "LIBPart\LIBPart.vcxproj", "{95D1034C-835E-41BF-8536-46E5037AE630}"
EndProject
Project("{8BC9CEB8-8B4A-11D0-8D11-00A0C91BC942}") = "EXEPart3", "EXEPart3\EXEPart3.vcxproj", "{1FD9026F-534F-41C6-A6E5-8893F4352C91}"
EndProject
Global
	GlobalSection(SolutionConfigurationPlatforms) = preSolution
		Debug|Win32 = Debug|Win32
		Release|Win32 = Release|Win32
	EndGlobalSection
	GlobalSection(ProjectConfigurationPlatforms) = postSolution
		{4CE62AD1-2A00-4EEB-B69E-3B7317CEF5BE}.Debug|Win32.ActiveCfg = Debug|Win32
		{4CE62AD1-2A00-4EEB-B69E-3B7317CEF5BE}.Debug|Win32.Build.0 = Debug|Win32
		{4CE62AD1-2A00-4EEB-B69E-3B7317CEF5BE}.Release|Win32.ActiveCfg = Release|Win32
		{4CE62AD1-2A00-4EEB-B69E-3B7317CEF5BE}.Release|Win32.Build.0 = Release|Win32
		{410B43BA-0F97-4D43-A86C-8F9514116DC1}.Debug|Win32.ActiveCfg = Debug|Win32
		{410B43BA-0F97-4D43-A86C-8F9514116DC1}.Debug|Win32.Build.0 = Debug|Win32
		{410B43BA-0F97-4D43-A86C-8F9514116DC1}.Release|Win32.ActiveCfg = Release|Win32
		{410B43BA-0F97-4D43-A86C-8F9514116DC1}.Release|Win32.Build.0 = Release|Win32
		{42048B20-49EF-4E01-9B4E-83A2B9A55264}.Debug|Win32.ActiveCfg = Debug|Win32
		{42048B20-49EF-4E01-9B4E-83A2B9A55264}.Debug|Win32.Build.0 = Debug|Win32
		{42048B20-49EF-4E01-9B4E-83A2B9A55264}.Release|Win32.ActiveCfg = Release|Win32
		{42048B20-49EF-4E01-9B4E-83A2B9A55264}.Release|Win32.Build.0 = Release|Win32
		{95D1034C-835E-41BF-8536-46E5037AE630}.Debug|Win32.ActiveCfg = Debug|Win32
		{95D1034C-835E-41BF-8536-46E5037AE630}.Debug|Win32.Build.0 = Debug|Win32
		{95D1034C-835E-41BF-8536-46E5037AE630}.Release|Win32.ActiveCfg = Release|Win32
		{95D1034C-835E-41BF-8536-46E5037AE630}.Release|Win32.Build.0 = Release|Win32
		{1FD9026F-534F-41C6-A6E5-8893F4352C91}.Debug|Win32.ActiveCfg = Debug|Win32
		{1FD9026F-534F-41C6-A6E5-8893F4352C91}.Debug|Win32.Build.0 = Debug|Win32
		{1FD9026F-534F-41C6-A6E5-8893F4352C91}.Release|Win32.ActiveCfg = Release|Win32
		{1FD9026F-534F-41C6-A6E5-8893F4352C91}.Release|Win32.Build.0 = Release|Win32
	EndGlobalSection
	GlobalSection(SolutionProperties) = preSolution
		HideSolutionNode = FALSE
	EndGlobalSection
EndGlobal
