
Microsoft Visual Studio Solution File, Format Version 12.00
# Visual Studio 2012
Project("{8BC9CEB8-8B4A-11D0-8D11-00A0C91BC942}") = "Task7", "Task7\Task7.vcxproj", "{B633018D-4FF8-4E32-8D31-975599E2BFE1}"
EndProject
Global
	GlobalSection(SolutionConfigurationPlatforms) = preSolution
		Debug|Win32 = Debug|Win32
		Release|Win32 = Release|Win32
	EndGlobalSection
	GlobalSection(ProjectConfigurationPlatforms) = postSolution
		{B633018D-4FF8-4E32-8D31-975599E2BFE1}.Debug|Win32.ActiveCfg = Debug|Win32
		{B633018D-4FF8-4E32-8D31-975599E2BFE1}.Debug|Win32.Build.0 = Debug|Win32
		{B633018D-4FF8-4E32-8D31-975599E2BFE1}.Release|Win32.ActiveCfg = Release|Win32
		{B633018D-4FF8-4E32-8D31-975599E2BFE1}.Release|Win32.Build.0 = Release|Win32
	EndGlobalSection
	GlobalSection(SolutionProperties) = preSolution
		HideSolutionNode = FALSE
	EndGlobalSection
EndGlobal
